
Microsoft Visual Studio Solution File, Format Version 12.00
# Visual Studio Version 16
VisualStudioVersion = 16.0.29409.12
MinimumVisualStudioVersion = 10.0.40219.1
Project("{9A19103F-16F7-4668-BE54-9A1E7A4F7556}") = "eagle_eye", "eagle_eye.csproj", "{1651652D-DC44-4B75-A9E6-B13107235475}"
EndProject
Global
	GlobalSection(SolutionConfigurationPlatforms) = preSolution
		Debug|Any CPU = Debug|Any CPU
		Release|Any CPU = Release|Any CPU
	EndGlobalSection
	GlobalSection(ProjectConfigurationPlatforms) = postSolution
		{1651652D-DC44-4B75-A9E6-B13107235475}.Debug|Any CPU.ActiveCfg = Debug|Any CPU
		{1651652D-DC44-4B75-A9E6-B13107235475}.Debug|Any CPU.Build.0 = Debug|Any CPU
		{1651652D-DC44-4B75-A9E6-B13107235475}.Release|Any CPU.ActiveCfg = Release|Any CPU
		{1651652D-DC44-4B75-A9E6-B13107235475}.Release|Any CPU.Build.0 = Release|Any CPU
	EndGlobalSection
	GlobalSection(SolutionProperties) = preSolution
		HideSolutionNode = FALSE
	EndGlobalSection
	GlobalSection(ExtensibilityGlobals) = postSolution
		SolutionGuid = {23FB754D-09A1-44FD-9B50-BEF07E712462}
	EndGlobalSection
EndGlobal
